Microsoft Visual Studio Solution File, Format Version 12.00
# Visual Studio Version 17
VisualStudioVersion = 17.10.34707.107
MinimumVisualStudioVersion = 10.0.40219.1
Project("{FAE04EC0-301F-11D3-BF4B-00C04F79EFBC}") = "RetailPos.Api", "RetailPos.Api\RetailPos.Api.csproj", "{F6F5EDF3-7FE0-4965-A674-F56D24A7A7B1}"
EndProject
Project("{FAE04EC0-301F-11D3-BF4B-00C04F79EFBC}") = "RetailPos.Shared", "Shared\RetailPos.Shared\RetailPos.Shared.csproj", "{49454D14-E481-4C5E-A349-9A8E1D86E1B2}"
EndProject
Project("{FAE04EC0-301F-11D3-BF4B-00C04F79EFBC}") = "RetailPos.Modules.Catalog", "Modules\Catalog\RetailPos.Modules.Catalog\RetailPos.Modules.Catalog.csproj", "{A5A5A5A5-A5A5-A5A5-A5A5-A5A5A5A5A5A5}"
EndProject
Global
	GlobalSection(SolutionConfigurationPlatforms) = preSolution
		Debug|Any CPU = Debug|Any CPU
		Release|Any CPU = Release|Any CPU
	EndGlobalSection
	GlobalSection(ProjectConfigurationPlatforms) = postSolution
		{F6F5EDF3-7FE0-4965-A674-F56D24A7A7B1}.Debug|Any CPU.ActiveCfg = Debug|Any CPU
		{F6F5EDF3-7FE0-4965-A674-F56D24A7A7B1}.Debug|Any CPU.Build.0 = Debug|Any CPU
		{F6F5EDF3-7FE0-4965-A674-F56D24A7A7B1}.Release|Any CPU.ActiveCfg = Release|Any CPU
		{F6F5EDF3-7FE0-4965-A674-F56D24A7A7B1}.Release|Any CPU.Build.0 = Release|Any CPU
	EndGlobalSection
EndGlobal
